
Microsoft Visual Studio Solution File, Format Version 12.00
# Visual Studio 15
VisualStudioVersion = 15.0.27130.2020
MinimumVisualStudioVersion = 10.0.40219.1
Project("{9A19103F-16F7-4668-BE54-9A1E7A4F7556}") = "Moducom.Instrumentation.Abstract", "Moducom.Instrumentation.Abstract\Moducom.Instrumentation.Abstract.csproj", "{5D8292F5-3DAA-4C61-A690-21DBEF141876}"
EndProject
Project("{9A19103F-16F7-4668-BE54-9A1E7A4F7556}") = "Moducom.Instrumentation.Test", "Moducom.Instrumentation.Test\Moducom.Instrumentation.Test.csproj", "{A178F684-10D6-47BE-8093-54F9291126AC}"
EndProject
Project("{9A19103F-16F7-4668-BE54-9A1E7A4F7556}") = "Moducom.Instrumentation.Prometheus", "Moducom.Instrumentation.Prometheus\Moducom.Instrumentation.Prometheus.csproj", "{6A8D0135-EC5C-4727-BA00-A66C887F8968}"
EndProject
Project("{9A19103F-16F7-4668-BE54-9A1E7A4F7556}") = "Moducom.Instrumentation.Experimental", "Moducom.Instrumentation.Experimental\Moducom.Instrumentation.Experimental.csproj", "{4A991BB2-0766-4331-8C00-158E18C371B4}"
EndProject
Project("{9A19103F-16F7-4668-BE54-9A1E7A4F7556}") = "Moducom.Instrumentation.Prometheus.TestExporter", "Moducom.Instrumentation.Prometheus.TestServer\Moducom.Instrumentation.Prometheus.TestExporter.csproj", "{4F4BFA51-1B54-480A-8DD3-BAD2047768DF}"
EndProject
Global
	GlobalSection(SolutionConfigurationPlatforms) = preSolution
		Debug|Any CPU = Debug|Any CPU
		Release|Any CPU = Release|Any CPU
	EndGlobalSection
	GlobalSection(ProjectConfigurationPlatforms) = postSolution
		{5D8292F5-3DAA-4C61-A690-21DBEF141876}.Debug|Any CPU.ActiveCfg = Debug|Any CPU
		{5D8292F5-3DAA-4C61-A690-21DBEF141876}.Debug|Any CPU.Build.0 = Debug|Any CPU
		{5D8292F5-3DAA-4C61-A690-21DBEF141876}.Release|Any CPU.ActiveCfg = Release|Any CPU
		{5D8292F5-3DAA-4C61-A690-21DBEF141876}.Release|Any CPU.Build.0 = Release|Any CPU
		{A178F684-10D6-47BE-8093-54F9291126AC}.Debug|Any CPU.ActiveCfg = Debug|Any CPU
		{A178F684-10D6-47BE-8093-54F9291126AC}.Debug|Any CPU.Build.0 = Debug|Any CPU
		{A178F684-10D6-47BE-8093-54F9291126AC}.Release|Any CPU.ActiveCfg = Release|Any CPU
		{A178F684-10D6-47BE-8093-54F9291126AC}.Release|Any CPU.Build.0 = Release|Any CPU
		{6A8D0135-EC5C-4727-BA00-A66C887F8968}.Debug|Any CPU.ActiveCfg = Debug|Any CPU
		{6A8D0135-EC5C-4727-BA00-A66C887F8968}.Debug|Any CPU.Build.0 = Debug|Any CPU
		{6A8D0135-EC5C-4727-BA00-A66C887F8968}.Release|Any CPU.ActiveCfg = Release|Any CPU
		{6A8D0135-EC5C-4727-BA00-A66C887F8968}.Release|Any CPU.Build.0 = Release|Any CPU
		{4A991BB2-0766-4331-8C00-158E18C371B4}.Debug|Any CPU.ActiveCfg = Debug|Any CPU
		{4A991BB2-0766-4331-8C00-158E18C371B4}.Debug|Any CPU.Build.0 = Debug|Any CPU
		{4A991BB2-0766-4331-8C00-158E18C371B4}.Release|Any CPU.ActiveCfg = Release|Any CPU
		{4A991BB2-0766-4331-8C00-158E18C371B4}.Release|Any CPU.Build.0 = Release|Any CPU
		{4F4BFA51-1B54-480A-8DD3-BAD2047768DF}.Debug|Any CPU.ActiveCfg = Debug|Any CPU
		{4F4BFA51-1B54-480A-8DD3-BAD2047768DF}.Debug|Any CPU.Build.0 = Debug|Any CPU
		{4F4BFA51-1B54-480A-8DD3-BAD2047768DF}.Release|Any CPU.ActiveCfg = Release|Any CPU
		{4F4BFA51-1B54-480A-8DD3-BAD2047768DF}.Release|Any CPU.Build.0 = Release|Any CPU
	EndGlobalSection
	GlobalSection(SolutionProperties) = preSolution
		HideSolutionNode = FALSE
	EndGlobalSection
	GlobalSection(ExtensibilityGlobals) = postSolution
		SolutionGuid = {715A35B3-FF64-48F3-9023-3CE829321DB1}
	EndGlobalSection
EndGlobal
